// !$*UTF8*$!
{
	archiveVersion = 1;
	classes = {
	};
	objectVersion = 50;
	objects = {

/* Begin PBXBuildFile section */
		1A5D211DAF2F3D07295BEB6D /* Pods_Loc.framework in Frameworks */ = {isa = PBXBuildFile; fileRef = 1EA5A330649A2D55564FB0E9 /* Pods_Loc.framework */; };
		1C7793F25180BB07FEC941EA /* Pods_LocTests.framework in Frameworks */ = {isa = PBXBuildFile; fileRef = 7D5D3F0E463EB7E6E19FF990 /* Pods_LocTests.framework */; };
		269518521F85C0AC3106936D /* Pods_LocUITests.framework in Frameworks */ = {isa = PBXBuildFile; fileRef = 448DE236C57FC0A3BC35B733 /* Pods_LocUITests.framework */; };
		5B17BD8821379128008ABC8A /* AppDelegate.swift in Sources */ = {isa = PBXBuildFile; fileRef = 5B17BD8721379128008ABC8A /* AppDelegate.swift */; };
		5B17BD8F2137912A008ABC8A /* Assets.xcassets in Resources */ = {isa = PBXBuildFile; fileRef = 5B17BD8E2137912A008ABC8A /* Assets.xcassets */; };
		5B17BD922137912A008ABC8A /* LaunchScreen.storyboard in Resources */ = {isa = PBXBuildFile; fileRef = 5B17BD902137912A008ABC8A /* LaunchScreen.storyboard */; };
		5B17BD9D2137912A008ABC8A /* LocTests.swift in Sources */ = {isa = PBXBuildFile; fileRef = 5B17BD9C2137912A008ABC8A /* LocTests.swift */; };
		5B17BDA82137912A008ABC8A /* LocUITests.swift in Sources */ = {isa = PBXBuildFile; fileRef = 5B17BDA72137912A008ABC8A /* LocUITests.swift */; };
		5B17BDB621379345008ABC8A /* HalfDuplexViewController.swift in Sources */ = {isa = PBXBuildFile; fileRef = 5B17BDB521379345008ABC8A /* HalfDuplexViewController.swift */; };
		5BCE994D213FA4B30046F60C /* LocService.pb.swift in Sources */ = {isa = PBXBuildFile; fileRef = 5BCE994B213FA4B20046F60C /* LocService.pb.swift */; };
		5BCE994E213FA4B30046F60C /* LocService.grpc.swift in Sources */ = {isa = PBXBuildFile; fileRef = 5BCE994C213FA4B30046F60C /* LocService.grpc.swift */; };
		5BF98343213F17A200C041D0 /* StreamingAudioDataSource.swift in Sources */ = {isa = PBXBuildFile; fileRef = 5BF98342213F17A200C041D0 /* StreamingAudioDataSource.swift */; };
/* End PBXBuildFile section */

/* Begin PBXContainerItemProxy section */
		5B17BD992137912A008ABC8A /* PBXContainerItemProxy */ = {
			isa = PBXContainerItemProxy;
			containerPortal = 5B17BD7C21379128008ABC8A /* Project object */;
			proxyType = 1;
			remoteGlobalIDString = 5B17BD8321379128008ABC8A;
			remoteInfo = Loc;
		};
		5B17BDA42137912A008ABC8A /* PBXContainerItemProxy */ = {
			isa = PBXContainerItemProxy;
			containerPortal = 5B17BD7C21379128008ABC8A /* Project object */;
			proxyType = 1;
			remoteGlobalIDString = 5B17BD8321379128008ABC8A;
			remoteInfo = Loc;
		};
/* End PBXContainerItemProxy section */

/* Begin PBXFileReference section */
		1EA5A330649A2D55564FB0E9 /* Pods_Loc.framework */ = {isa = PBXFileReference; explicitFileType = wrapper.framework; includeInIndex = 0; path = Pods_Loc.framework; sourceTree = BUILT_PRODUCTS_DIR; };
		40161A1376B6B14DA4E96608 /* Pods-LocTests.release.xcconfig */ = {isa = PBXFileReference; includeInIndex = 1; lastKnownFileType = text.xcconfig; name = "Pods-LocTests.release.xcconfig"; path = "Pods/Target Support Files/Pods-LocTests/Pods-LocTests.release.xcconfig"; sourceTree = "<group>"; };
		448DE236C57FC0A3BC35B733 /* Pods_LocUITests.framework */ = {isa = PBXFileReference; explicitFileType = wrapper.framework; includeInIndex = 0; path = Pods_LocUITests.framework; sourceTree = BUILT_PRODUCTS_DIR; };
		5B17BD8421379128008ABC8A /* Loc.app */ = {isa = PBXFileReference; explicitFileType = wrapper.application; includeInIndex = 0; path = Loc.app; sourceTree = BUILT_PRODUCTS_DIR; };
		5B17BD8721379128008ABC8A /* AppDelegate.swift */ = {isa = PBXFileReference; lastKnownFileType = sourcecode.swift; path = AppDelegate.swift; sourceTree = "<group>"; };
		5B17BD8E2137912A008ABC8A /* Assets.xcassets */ = {isa = PBXFileReference; lastKnownFileType = folder.assetcatalog; path = Assets.xcassets; sourceTree = "<group>"; };
		5B17BD912137912A008ABC8A /* Base */ = {isa = PBXFileReference; lastKnownFileType = file.storyboard; name = Base; path = Base.lproj/LaunchScreen.storyboard; sourceTree = "<group>"; };
		5B17BD932137912A008ABC8A /* Info.plist */ = {isa = PBXFileReference; lastKnownFileType = text.plist.xml; path = Info.plist; sourceTree = "<group>"; };
		5B17BD982137912A008ABC8A /* LocTests.xctest */ = {isa = PBXFileReference; explicitFileType = wrapper.cfbundle; includeInIndex = 0; path = LocTests.xctest; sourceTree = BUILT_PRODUCTS_DIR; };
		5B17BD9C2137912A008ABC8A /* LocTests.swift */ = {isa = PBXFileReference; lastKnownFileType = sourcecode.swift; path = LocTests.swift; sourceTree = "<group>"; };
		5B17BD9E2137912A008ABC8A /* Info.plist */ = {isa = PBXFileReference; lastKnownFileType = text.plist.xml; path = Info.plist; sourceTree = "<group>"; };
		5B17BDA32137912A008ABC8A /* LocUITests.xctest */ = {isa = PBXFileReference; explicitFileType = wrapper.cfbundle; includeInIndex = 0; path = LocUITests.xctest; sourceTree = BUILT_PRODUCTS_DIR; };
		5B17BDA72137912A008ABC8A /* LocUITests.swift */ = {isa = PBXFileReference; lastKnownFileType = sourcecode.swift; path = LocUITests.swift; sourceTree = "<group>"; };
		5B17BDA92137912A008ABC8A /* Info.plist */ = {isa = PBXFileReference; lastKnownFileType = text.plist.xml; path = Info.plist; sourceTree = "<group>"; };
		5B17BDB521379345008ABC8A /* HalfDuplexViewController.swift */ = {isa = PBXFileReference; lastKnownFileType = sourcecode.swift; path = HalfDuplexViewController.swift; sourceTree = "<group>"; };
		5BCE994B213FA4B20046F60C /* LocService.pb.swift */ = {isa = PBXFileReference; fileEncoding = 4; lastKnownFileType = sourcecode.swift; path = LocService.pb.swift; sourceTree = "<group>"; };
		5BCE994C213FA4B30046F60C /* LocService.grpc.swift */ = {isa = PBXFileReference; fileEncoding = 4; lastKnownFileType = sourcecode.swift; path = LocService.grpc.swift; sourceTree = "<group>"; };
		5BF98342213F17A200C041D0 /* StreamingAudioDataSource.swift */ = {isa = PBXFileReference; fileEncoding = 4; lastKnownFileType = sourcecode.swift; path = StreamingAudioDataSource.swift; sourceTree = "<group>"; xcLanguageSpecificationIdentifier = xcode.lang.swift; };
		7852B3B35873EBE6F13B050E /* Pods-LocTests.debug.xcconfig */ = {isa = PBXFileReference; includeInIndex = 1; lastKnownFileType = text.xcconfig; name = "Pods-LocTests.debug.xcconfig"; path = "Pods/Target Support Files/Pods-LocTests/Pods-LocTests.debug.xcconfig"; sourceTree = "<group>"; };
		7D5D3F0E463EB7E6E19FF990 /* Pods_LocTests.framework */ = {isa = PBXFileReference; explicitFileType = wrapper.framework; includeInIndex = 0; path = Pods_LocTests.framework; sourceTree = BUILT_PRODUCTS_DIR; };
		9B8A9D8246E5FBEFA387D748 /* Pods-LocUITests.debug.xcconfig */ = {isa = PBXFileReference; includeInIndex = 1; lastKnownFileType = text.xcconfig; name = "Pods-LocUITests.debug.xcconfig"; path = "Pods/Target Support Files/Pods-LocUITests/Pods-LocUITests.debug.xcconfig"; sourceTree = "<group>"; };
		A6A7477C2910F45DD45A60AD /* Pods-Loc.debug.xcconfig */ = {isa = PBXFileReference; includeInIndex = 1; lastKnownFileType = text.xcconfig; name = "Pods-Loc.debug.xcconfig"; path = "Pods/Target Support Files/Pods-Loc/Pods-Loc.debug.xcconfig"; sourceTree = "<group>"; };
		E6D4D897EEFD201E836C203A /* Pods-LocUITests.release.xcconfig */ = {isa = PBXFileReference; includeInIndex = 1; lastKnownFileType = text.xcconfig; name = "Pods-LocUITests.release.xcconfig"; path = "Pods/Target Support Files/Pods-LocUITests/Pods-LocUITests.release.xcconfig"; sourceTree = "<group>"; };
		FE9EEDB2161ABF0A2CB93B0A /* Pods-Loc.release.xcconfig */ = {isa = PBXFileReference; includeInIndex = 1; lastKnownFileType = text.xcconfig; name = "Pods-Loc.release.xcconfig"; path = "Pods/Target Support Files/Pods-Loc/Pods-Loc.release.xcconfig"; sourceTree = "<group>"; };
/* End PBXFileReference section */

/* Begin PBXFrameworksBuildPhase section */
		5B17BD8121379128008ABC8A /* Frameworks */ = {
			isa = PBXFrameworksBuildPhase;
			buildActionMask = 2147483647;
			files = (
				1A5D211DAF2F3D07295BEB6D /* Pods_Loc.framework in Frameworks */,
			);
			runOnlyForDeploymentPostprocessing = 0;
		};
		5B17BD952137912A008ABC8A /* Frameworks */ = {
			isa = PBXFrameworksBuildPhase;
			buildActionMask = 2147483647;
			files = (
				1C7793F25180BB07FEC941EA /* Pods_LocTests.framework in Frameworks */,
			);
			runOnlyForDeploymentPostprocessing = 0;
		};
		5B17BDA02137912A008ABC8A /* Frameworks */ = {
			isa = PBXFrameworksBuildPhase;
			buildActionMask = 2147483647;
			files = (
				269518521F85C0AC3106936D /* Pods_LocUITests.framework in Frameworks */,
			);
			runOnlyForDeploymentPostprocessing = 0;
		};
/* End PBXFrameworksBuildPhase section */

/* Begin PBXGroup section */
		5B17BD7B21379128008ABC8A = {
			isa = PBXGroup;
			children = (
				5B17BD8621379128008ABC8A /* Loc */,
				5B17BD9B2137912A008ABC8A /* LocTests */,
				5B17BDA62137912A008ABC8A /* LocUITests */,
				5B17BD8521379128008ABC8A /* Products */,
				5E37DDA1A536CE4F077BF721 /* Pods */,
				F7E2CB23AC17B58217FE592A /* Frameworks */,
			);
			sourceTree = "<group>";
		};
		5B17BD8521379128008ABC8A /* Products */ = {
			isa = PBXGroup;
			children = (
				5B17BD8421379128008ABC8A /* Loc.app */,
				5B17BD982137912A008ABC8A /* LocTests.xctest */,
				5B17BDA32137912A008ABC8A /* LocUITests.xctest */,
			);
			name = Products;
			sourceTree = "<group>";
		};
		5B17BD8621379128008ABC8A /* Loc */ = {
			isa = PBXGroup;
			children = (
				5B17BD8721379128008ABC8A /* AppDelegate.swift */,
				5B17BDB521379345008ABC8A /* HalfDuplexViewController.swift */,
				5BF98342213F17A200C041D0 /* StreamingAudioDataSource.swift */,
				5B17BD8E2137912A008ABC8A /* Assets.xcassets */,
				5B17BD902137912A008ABC8A /* LaunchScreen.storyboard */,
				5BCE994C213FA4B30046F60C /* LocService.grpc.swift */,
				5BCE994B213FA4B20046F60C /* LocService.pb.swift */,
				5B17BD932137912A008ABC8A /* Info.plist */,
			);
			path = Loc;
			sourceTree = "<group>";
		};
		5B17BD9B2137912A008ABC8A /* LocTests */ = {
			isa = PBXGroup;
			children = (
				5B17BD9C2137912A008ABC8A /* LocTests.swift */,
				5B17BD9E2137912A008ABC8A /* Info.plist */,
			);
			path = LocTests;
			sourceTree = "<group>";
		};
		5B17BDA62137912A008ABC8A /* LocUITests */ = {
			isa = PBXGroup;
			children = (
				5B17BDA72137912A008ABC8A /* LocUITests.swift */,
				5B17BDA92137912A008ABC8A /* Info.plist */,
			);
			path = LocUITests;
			sourceTree = "<group>";
		};
		5E37DDA1A536CE4F077BF721 /* Pods */ = {
			isa = PBXGroup;
			children = (
				A6A7477C2910F45DD45A60AD /* Pods-Loc.debug.xcconfig */,
				FE9EEDB2161ABF0A2CB93B0A /* Pods-Loc.release.xcconfig */,
				7852B3B35873EBE6F13B050E /* Pods-LocTests.debug.xcconfig */,
				40161A1376B6B14DA4E96608 /* Pods-LocTests.release.xcconfig */,
				9B8A9D8246E5FBEFA387D748 /* Pods-LocUITests.debug.xcconfig */,
				E6D4D897EEFD201E836C203A /* Pods-LocUITests.release.xcconfig */,
			);
			name = Pods;
			sourceTree = "<group>";
		};
		F7E2CB23AC17B58217FE592A /* Frameworks */ = {
			isa = PBXGroup;
			children = (
				1EA5A330649A2D55564FB0E9 /* Pods_Loc.framework */,
				7D5D3F0E463EB7E6E19FF990 /* Pods_LocTests.framework */,
				448DE236C57FC0A3BC35B733 /* Pods_LocUITests.framework */,
			);
			name = Frameworks;
			sourceTree = "<group>";
		};
/* End PBXGroup section */

/* Begin PBXNativeTarget section */
		5B17BD8321379128008ABC8A /* Loc */ = {
			isa = PBXNativeTarget;
			buildConfigurationList = 5B17BDAC2137912A008ABC8A /* Build configuration list for PBXNativeTarget "Loc" */;
			buildPhases = (
				13D1ED7688D544A098534F4E /* [CP] Check Pods Manifest.lock */,
				5B17BD8021379128008ABC8A /* Sources */,
				5B17BD8121379128008ABC8A /* Frameworks */,
				5B17BD8221379128008ABC8A /* Resources */,
				0FE1D5206E52C3599C56750E /* [CP] Embed Pods Frameworks */,
			);
			buildRules = (
			);
			dependencies = (
			);
			name = Loc;
			productName = Loc;
			productReference = 5B17BD8421379128008ABC8A /* Loc.app */;
			productType = "com.apple.product-type.application";
		};
		5B17BD972137912A008ABC8A /* LocTests */ = {
			isa = PBXNativeTarget;
			buildConfigurationList = 5B17BDAF2137912A008ABC8A /* Build configuration list for PBXNativeTarget "LocTests" */;
			buildPhases = (
				41440B5BA87FCC613B13E445 /* [CP] Check Pods Manifest.lock */,
				5B17BD942137912A008ABC8A /* Sources */,
				5B17BD952137912A008ABC8A /* Frameworks */,
				5B17BD962137912A008ABC8A /* Resources */,
			);
			buildRules = (
			);
			dependencies = (
				5B17BD9A2137912A008ABC8A /* PBXTargetDependency */,
			);
			name = LocTests;
			productName = LocTests;
			productReference = 5B17BD982137912A008ABC8A /* LocTests.xctest */;
			productType = "com.apple.product-type.bundle.unit-test";
		};
		5B17BDA22137912A008ABC8A /* LocUITests */ = {
			isa = PBXNativeTarget;
			buildConfigurationList = 5B17BDB22137912A008ABC8A /* Build configuration list for PBXNativeTarget "LocUITests" */;
			buildPhases = (
				F9B98339ACFE67F8A5CBD926 /* [CP] Check Pods Manifest.lock */,
				5B17BD9F2137912A008ABC8A /* Sources */,
				5B17BDA02137912A008ABC8A /* Frameworks */,
				5B17BDA12137912A008ABC8A /* Resources */,
			);
			buildRules = (
			);
			dependencies = (
				5B17BDA52137912A008ABC8A /* PBXTargetDependency */,
			);
			name = LocUITests;
			productName = LocUITests;
			productReference = 5B17BDA32137912A008ABC8A /* LocUITests.xctest */;
			productType = "com.apple.product-type.bundle.ui-testing";
		};
/* End PBXNativeTarget section */

/* Begin PBXProject section */
		5B17BD7C21379128008ABC8A /* Project object */ = {
			isa = PBXProject;
			attributes = {
				LastSwiftUpdateCheck = 0940;
				LastUpgradeCheck = 0940;
				ORGANIZATIONNAME = IamGoodBad;
				TargetAttributes = {
					5B17BD8321379128008ABC8A = {
						CreatedOnToolsVersion = 9.4.1;
					};
					5B17BD972137912A008ABC8A = {
						CreatedOnToolsVersion = 9.4.1;
						TestTargetID = 5B17BD8321379128008ABC8A;
					};
					5B17BDA22137912A008ABC8A = {
						CreatedOnToolsVersion = 9.4.1;
						TestTargetID = 5B17BD8321379128008ABC8A;
					};
				};
			};
			buildConfigurationList = 5B17BD7F21379128008ABC8A /* Build configuration list for PBXProject "Loc" */;
			compatibilityVersion = "Xcode 9.3";
			developmentRegion = en;
			hasScannedForEncodings = 0;
			knownRegions = (
				en,
				Base,
			);
			mainGroup = 5B17BD7B21379128008ABC8A;
			productRefGroup = 5B17BD8521379128008ABC8A /* Products */;
			projectDirPath = "";
			projectRoot = "";
			targets = (
				5B17BD8321379128008ABC8A /* Loc */,
				5B17BD972137912A008ABC8A /* LocTests */,
				5B17BDA22137912A008ABC8A /* LocUITests */,
			);
		};
/* End PBXProject section */

/* Begin PBXResourcesBuildPhase section */
		5B17BD8221379128008ABC8A /* Resources */ = {
			isa = PBXResourcesBuildPhase;
			buildActionMask = 2147483647;
			files = (
				5B17BD922137912A008ABC8A /* LaunchScreen.storyboard in Resources */,
				5B17BD8F2137912A008ABC8A /* Assets.xcassets in Resources */,
			);
			runOnlyForDeploymentPostprocessing = 0;
		};
		5B17BD962137912A008ABC8A /* Resources */ = {
			isa = PBXResourcesBuildPhase;
			buildActionMask = 2147483647;
			files = (
			);
			runOnlyForDeploymentPostprocessing = 0;
		};
		5B17BDA12137912A008ABC8A /* Resources */ = {
			isa = PBXResourcesBuildPhase;
			buildActionMask = 2147483647;
			files = (
			);
			runOnlyForDeploymentPostprocessing = 0;
		};
/* End PBXResourcesBuildPhase section */

/* Begin PBXShellScriptBuildPhase section */
		0FE1D5206E52C3599C56750E /* [CP] Embed Pods Frameworks */ = {
			isa = PBXShellScriptBuildPhase;
			buildActionMask = 2147483647;
			files = (
			);
			inputPaths = (
				"${SRCROOT}/Pods/Target Support Files/Pods-Loc/Pods-Loc-frameworks.sh",
				"${BUILT_PRODUCTS_DIR}/BoringSSL/openssl.framework",
				"${BUILT_PRODUCTS_DIR}/SwiftGRPC/SwiftGRPC.framework",
				"${BUILT_PRODUCTS_DIR}/SwiftProtobuf/SwiftProtobuf.framework",
				"${BUILT_PRODUCTS_DIR}/gRPC-Core/grpc.framework",
				"${BUILT_PRODUCTS_DIR}/nanopb/nanopb.framework",
			);
			name = "[CP] Embed Pods Frameworks";
			outputPaths = (
				"${TARGET_BUILD_DIR}/${FRAMEWORKS_FOLDER_PATH}/openssl.framework",
				"${TARGET_BUILD_DIR}/${FRAMEWORKS_FOLDER_PATH}/SwiftGRPC.framework",
				"${TARGET_BUILD_DIR}/${FRAMEWORKS_FOLDER_PATH}/SwiftProtobuf.framework",
				"${TARGET_BUILD_DIR}/${FRAMEWORKS_FOLDER_PATH}/grpc.framework",
				"${TARGET_BUILD_DIR}/${FRAMEWORKS_FOLDER_PATH}/nanopb.framework",
			);
			runOnlyForDeploymentPostprocessing = 0;
			shellPath = /bin/sh;
			shellScript = "\"${SRCROOT}/Pods/Target Support Files/Pods-Loc/Pods-Loc-frameworks.sh\"\n";
			showEnvVarsInLog = 0;
		};
		13D1ED7688D544A098534F4E /* [CP] Check Pods Manifest.lock */ = {
			isa = PBXShellScriptBuildPhase;
			buildActionMask = 2147483647;
			files = (
			);
			inputPaths = (
				"${PODS_PODFILE_DIR_PATH}/Podfile.lock",
				"${PODS_ROOT}/Manifest.lock",
			);
			name = "[CP] Check Pods Manifest.lock";
			outputPaths = (
				"$(DERIVED_FILE_DIR)/Pods-Loc-checkManifestLockResult.txt",
			);
			runOnlyForDeploymentPostprocessing = 0;
			shellPath = /bin/sh;
			shellScript = "diff \"${PODS_PODFILE_DIR_PATH}/Podfile.lock\" \"${PODS_ROOT}/Manifest.lock\" > /dev/null\nif [ $? != 0 ] ; then\n    # print error to STDERR\n    echo \"error: The sandbox is not in sync with the Podfile.lock. Run 'pod install' or update your CocoaPods installation.\" >&2\n    exit 1\nfi\n# This output is used by Xcode 'outputs' to avoid re-running this script phase.\necho \"SUCCESS\" > \"${SCRIPT_OUTPUT_FILE_0}\"\n";
			showEnvVarsInLog = 0;
		};
		41440B5BA87FCC613B13E445 /* [CP] Check Pods Manifest.lock */ = {
			isa = PBXShellScriptBuildPhase;
			buildActionMask = 2147483647;
			files = (
			);
			inputPaths = (
				"${PODS_PODFILE_DIR_PATH}/Podfile.lock",
				"${PODS_ROOT}/Manifest.lock",
			);
			name = "[CP] Check Pods Manifest.lock";
			outputPaths = (
				"$(DERIVED_FILE_DIR)/Pods-LocTests-checkManifestLockResult.txt",
			);
			runOnlyForDeploymentPostprocessing = 0;
			shellPath = /bin/sh;
			shellScript = "diff \"${PODS_PODFILE_DIR_PATH}/Podfile.lock\" \"${PODS_ROOT}/Manifest.lock\" > /dev/null\nif [ $? != 0 ] ; then\n    # print error to STDERR\n    echo \"error: The sandbox is not in sync with the Podfile.lock. Run 'pod install' or update your CocoaPods installation.\" >&2\n    exit 1\nfi\n# This output is used by Xcode 'outputs' to avoid re-running this script phase.\necho \"SUCCESS\" > \"${SCRIPT_OUTPUT_FILE_0}\"\n";
			showEnvVarsInLog = 0;
		};
		F9B98339ACFE67F8A5CBD926 /* [CP] Check Pods Manifest.lock */ = {
			isa = PBXShellScriptBuildPhase;
			buildActionMask = 2147483647;
			files = (
			);
			inputPaths = (
				"${PODS_PODFILE_DIR_PATH}/Podfile.lock",
				"${PODS_ROOT}/Manifest.lock",
			);
			name = "[CP] Check Pods Manifest.lock";
			outputPaths = (
				"$(DERIVED_FILE_DIR)/Pods-LocUITests-checkManifestLockResult.txt",
			);
			runOnlyForDeploymentPostprocessing = 0;
			shellPath = /bin/sh;
			shellScript = "diff \"${PODS_PODFILE_DIR_PATH}/Podfile.lock\" \"${PODS_ROOT}/Manifest.lock\" > /dev/null\nif [ $? != 0 ] ; then\n    # print error to STDERR\n    echo \"error: The sandbox is not in sync with the Podfile.lock. Run 'pod install' or update your CocoaPods installation.\" >&2\n    exit 1\nfi\n# This output is used by Xcode 'outputs' to avoid re-running this script phase.\necho \"SUCCESS\" > \"${SCRIPT_OUTPUT_FILE_0}\"\n";
			showEnvVarsInLog = 0;
		};
/* End PBXShellScriptBuildPhase section */

/* Begin PBXSourcesBuildPhase section */
		5B17BD8021379128008ABC8A /* Sources */ = {
			isa = PBXSourcesBuildPhase;
			buildActionMask = 2147483647;
			files = (
				5B17BDB621379345008ABC8A /* HalfDuplexViewController.swift in Sources */,
				5BCE994D213FA4B30046F60C /* LocService.pb.swift in Sources */,
				5BF98343213F17A200C041D0 /* StreamingAudioDataSource.swift in Sources */,
				5B17BD8821379128008ABC8A /* AppDelegate.swift in Sources */,
				5BCE994E213FA4B30046F60C /* LocService.grpc.swift in Sources */,
			);
			runOnlyForDeploymentPostprocessing = 0;
		};
		5B17BD942137912A008ABC8A /* Sources */ = {
			isa = PBXSourcesBuildPhase;
			buildActionMask = 2147483647;
			files = (
				5B17BD9D2137912A008ABC8A /* LocTests.swift in Sources */,
			);
			runOnlyForDeploymentPostprocessing = 0;
		};
		5B17BD9F2137912A008ABC8A /* Sources */ = {
			isa = PBXSourcesBuildPhase;
			buildActionMask = 2147483647;
			files = (
				5B17BDA82137912A008ABC8A /* LocUITests.swift in Sources */,
			);
			runOnlyForDeploymentPostprocessing = 0;
		};
/* End PBXSourcesBuildPhase section */

/* Begin PBXTargetDependency section */
		5B17BD9A2137912A008ABC8A /* PBXTargetDependency */ = {
			isa = PBXTargetDependency;
			target = 5B17BD8321379128008ABC8A /* Loc */;
			targetProxy = 5B17BD992137912A008ABC8A /* PBXContainerItemProxy */;
		};
		5B17BDA52137912A008ABC8A /* PBXTargetDependency */ = {
			isa = PBXTargetDependency;
			target = 5B17BD8321379128008ABC8A /* Loc */;
			targetProxy = 5B17BDA42137912A008ABC8A /* PBXContainerItemProxy */;
		};
/* End PBXTargetDependency section */

/* Begin PBXVariantGroup section */
		5B17BD902137912A008ABC8A /* LaunchScreen.storyboard */ = {
			isa = PBXVariantGroup;
			children = (
				5B17BD912137912A008ABC8A /* Base */,
			);
			name = LaunchScreen.storyboard;
			sourceTree = "<group>";
		};
/* End PBXVariantGroup section */

/* Begin XCBuildConfiguration section */
		5B17BDAA2137912A008ABC8A /* Debug */ = {
			isa = XCBuildConfiguration;
			buildSettings = {
				ALWAYS_SEARCH_USER_PATHS = NO;
				CLANG_ANALYZER_NONNULL = YES;
				CLANG_ANALYZER_NUMBER_OBJECT_CONVERSION = YES_AGGRESSIVE;
				CLANG_CXX_LANGUAGE_STANDARD = "gnu++14";
				CLANG_CXX_LIBRARY = "libc++";
				CLANG_ENABLE_MODULES = YES;
				CLANG_ENABLE_OBJC_ARC = YES;
				CLANG_ENABLE_OBJC_WEAK = YES;
				CLANG_WARN_BLOCK_CAPTURE_AUTORELEASING = YES;
				CLANG_WARN_BOOL_CONVERSION = YES;
				CLANG_WARN_COMMA = YES;
				CLANG_WARN_CONSTANT_CONVERSION = YES;
				CLANG_WARN_DEPRECATED_OBJC_IMPLEMENTATIONS = YES;
				CLANG_WARN_DIRECT_OBJC_ISA_USAGE = YES_ERROR;
				CLANG_WARN_DOCUMENTATION_COMMENTS = YES;
				CLANG_WARN_EMPTY_BODY = YES;
				CLANG_WARN_ENUM_CONVERSION = YES;
				CLANG_WARN_INFINITE_RECURSION = YES;
				CLANG_WARN_INT_CONVERSION = YES;
				CLANG_WARN_NON_LITERAL_NULL_CONVERSION = YES;
				CLANG_WARN_OBJC_IMPLICIT_RETAIN_SELF = YES;
				CLANG_WARN_OBJC_LITERAL_CONVERSION = YES;
				CLANG_WARN_OBJC_ROOT_CLASS = YES_ERROR;
				CLANG_WARN_RANGE_LOOP_ANALYSIS = YES;
				CLANG_WARN_STRICT_PROTOTYPES = YES;
				CLANG_WARN_SUSPICIOUS_MOVE = YES;
				CLANG_WARN_UNGUARDED_AVAILABILITY = YES_AGGRESSIVE;
				CLANG_WARN_UNREACHABLE_CODE = YES;
				CLANG_WARN__DUPLICATE_METHOD_MATCH = YES;
				CODE_SIGN_IDENTITY = "iPhone Developer";
				COPY_PHASE_STRIP = NO;
				DEBUG_INFORMATION_FORMAT = dwarf;
				ENABLE_STRICT_OBJC_MSGSEND = YES;
				ENABLE_TESTABILITY = YES;
				GCC_C_LANGUAGE_STANDARD = gnu11;
				GCC_DYNAMIC_NO_PIC = NO;
				GCC_NO_COMMON_BLOCKS = YES;
				GCC_OPTIMIZATION_LEVEL = 0;
				GCC_PREPROCESSOR_DEFINITIONS = (
					"DEBUG=1",
					"$(inherited)",
				);
				GCC_WARN_64_TO_32_BIT_CONVERSION = YES;
				GCC_WARN_ABOUT_RETURN_TYPE = YES_ERROR;
				GCC_WARN_UNDECLARED_SELECTOR = YES;
				GCC_WARN_UNINITIALIZED_AUTOS = YES_AGGRESSIVE;
				GCC_WARN_UNUSED_FUNCTION = YES;
				GCC_WARN_UNUSED_VARIABLE = YES;
				IPHONEOS_DEPLOYMENT_TARGET = 11.4;
				MTL_ENABLE_DEBUG_INFO = YES;
				ONLY_ACTIVE_ARCH = YES;
				SDKROOT = iphoneos;
				SWIFT_ACTIVE_COMPILATION_CONDITIONS = DEBUG;
				SWIFT_OPTIMIZATION_LEVEL = "-Onone";
			};
			name = Debug;
		};
		5B17BDAB2137912A008ABC8A /* Release */ = {
			isa = XCBuildConfiguration;
			buildSettings = {
				ALWAYS_SEARCH_USER_PATHS = NO;
				CLANG_ANALYZER_NONNULL = YES;
				CLANG_ANALYZER_NUMBER_OBJECT_CONVERSION = YES_AGGRESSIVE;
				CLANG_CXX_LANGUAGE_STANDARD = "gnu++14";
				CLANG_CXX_LIBRARY = "libc++";
				CLANG_ENABLE_MODULES = YES;
				CLANG_ENABLE_OBJC_ARC = YES;
				CLANG_ENABLE_OBJC_WEAK = YES;
				CLANG_WARN_BLOCK_CAPTURE_AUTORELEASING = YES;
				CLANG_WARN_BOOL_CONVERSION = YES;
				CLANG_WARN_COMMA = YES;
				CLANG_WARN_CONSTANT_CONVERSION = YES;
				CLANG_WARN_DEPRECATED_OBJC_IMPLEMENTATIONS = YES;
				CLANG_WARN_DIRECT_OBJC_ISA_USAGE = YES_ERROR;
				CLANG_WARN_DOCUMENTATION_COMMENTS = YES;
				CLANG_WARN_EMPTY_BODY = YES;
				CLANG_WARN_ENUM_CONVERSION = YES;
				CLANG_WARN_INFINITE_RECURSION = YES;
				CLANG_WARN_INT_CONVERSION = YES;
				CLANG_WARN_NON_LITERAL_NULL_CONVERSION = YES;
				CLANG_WARN_OBJC_IMPLICIT_RETAIN_SELF = YES;
				CLANG_WARN_OBJC_LITERAL_CONVERSION = YES;
				CLANG_WARN_OBJC_ROOT_CLASS = YES_ERROR;
				CLANG_WARN_RANGE_LOOP_ANALYSIS = YES;
				CLANG_WARN_STRICT_PROTOTYPES = YES;
				CLANG_WARN_SUSPICIOUS_MOVE = YES;
				CLANG_WARN_UNGUARDED_AVAILABILITY = YES_AGGRESSIVE;
				CLANG_WARN_UNREACHABLE_CODE = YES;
				CLANG_WARN__DUPLICATE_METHOD_MATCH = YES;
				CODE_SIGN_IDENTITY = "iPhone Developer";
				COPY_PHASE_STRIP = NO;
				DEBUG_INFORMATION_FORMAT = "dwarf-with-dsym";
				ENABLE_NS_ASSERTIONS = NO;
				ENABLE_STRICT_OBJC_MSGSEND = YES;
				GCC_C_LANGUAGE_STANDARD = gnu11;
				GCC_NO_COMMON_BLOCKS = YES;
				GCC_WARN_64_TO_32_BIT_CONVERSION = YES;
				GCC_WARN_ABOUT_RETURN_TYPE = YES_ERROR;
				GCC_WARN_UNDECLARED_SELECTOR = YES;
				GCC_WARN_UNINITIALIZED_AUTOS = YES_AGGRESSIVE;
				GCC_WARN_UNUSED_FUNCTION = YES;
				GCC_WARN_UNUSED_VARIABLE = YES;
				IPHONEOS_DEPLOYMENT_TARGET = 11.4;
				MTL_ENABLE_DEBUG_INFO = NO;
				SDKROOT = iphoneos;
				SWIFT_COMPILATION_MODE = wholemodule;
				SWIFT_OPTIMIZATION_LEVEL = "-O";
				VALIDATE_PRODUCT = YES;
			};
			name = Release;
		};
		5B17BDAD2137912A008ABC8A /* Debug */ = {
			isa = XCBuildConfiguration;
			baseConfigurationReference = A6A7477C2910F45DD45A60AD /* Pods-Loc.debug.xcconfig */;
			buildSettings = {
				ASSETCATALOG_COMPILER_APPICON_NAME = AppIcon;
				CODE_SIGN_STYLE = Automatic;
				DEVELOPMENT_TEAM = 4AM5US9G8B;
				INFOPLIST_FILE = Loc/Info.plist;
				LD_RUNPATH_SEARCH_PATHS = (
					"$(inherited)",
					"@executable_path/Frameworks",
				);
				PRODUCT_BUNDLE_IDENTIFIER = IamGoodBad.Loc;
				PRODUCT_NAME = "$(TARGET_NAME)";
				SWIFT_VERSION = 4.0;
				TARGETED_DEVICE_FAMILY = "1,2";
			};
			name = Debug;
		};
		5B17BDAE2137912A008ABC8A /* Release */ = {
			isa = XCBuildConfiguration;
			baseConfigurationReference = FE9EEDB2161ABF0A2CB93B0A /* Pods-Loc.release.xcconfig */;
			buildSettings = {
				ASSETCATALOG_COMPILER_APPICON_NAME = AppIcon;
				CODE_SIGN_STYLE = Automatic;
				DEVELOPMENT_TEAM = 4AM5US9G8B;
				INFOPLIST_FILE = Loc/Info.plist;
				LD_RUNPATH_SEARCH_PATHS = (
					"$(inherited)",
					"@executable_path/Frameworks",
				);
				PRODUCT_BUNDLE_IDENTIFIER = IamGoodBad.Loc;
				PRODUCT_NAME = "$(TARGET_NAME)";
				SWIFT_VERSION = 4.0;
				TARGETED_DEVICE_FAMILY = "1,2";
			};
			name = Release;
		};
		5B17BDB02137912A008ABC8A /* Debug */ = {
			isa = XCBuildConfiguration;
			baseConfigurationReference = 7852B3B35873EBE6F13B050E /* Pods-LocTests.debug.xcconfig */;
			buildSettings = {
				ALWAYS_EMBED_SWIFT_STANDARD_LIBRARIES = YES;
				BUNDLE_LOADER = "$(TEST_HOST)";
				CODE_SIGN_STYLE = Automatic;
				DEVELOPMENT_TEAM = 4AM5US9G8B;
				INFOPLIST_FILE = LocTests/Info.plist;
				LD_RUNPATH_SEARCH_PATHS = (
					"$(inherited)",
					"@executable_path/Frameworks",
					"@loader_path/Frameworks",
				);
				PRODUCT_BUNDLE_IDENTIFIER = IamGoodBad.LocTests;
				PRODUCT_NAME = "$(TARGET_NAME)";
				SWIFT_VERSION = 4.0;
				TARGETED_DEVICE_FAMILY = "1,2";
				TEST_HOST = "$(BUILT_PRODUCTS_DIR)/Loc.app/Loc";
			};
			name = Debug;
		};
		5B17BDB12137912A008ABC8A /* Release */ = {
			isa = XCBuildConfiguration;
			baseConfigurationReference = 40161A1376B6B14DA4E96608 /* Pods-LocTests.release.xcconfig */;
			buildSettings = {
				ALWAYS_EMBED_SWIFT_STANDARD_LIBRARIES = YES;
				BUNDLE_LOADER = "$(TEST_HOST)";
				CODE_SIGN_STYLE = Automatic;
				DEVELOPMENT_TEAM = 4AM5US9G8B;
				INFOPLIST_FILE = LocTests/Info.plist;
				LD_RUNPATH_SEARCH_PATHS = (
					"$(inherited)",
					"@executable_path/Frameworks",
					"@loader_path/Frameworks",
				);
				PRODUCT_BUNDLE_IDENTIFIER = IamGoodBad.LocTests;
				PRODUCT_NAME = "$(TARGET_NAME)";
				SWIFT_VERSION = 4.0;
				TARGETED_DEVICE_FAMILY = "1,2";
				TEST_HOST = "$(BUILT_PRODUCTS_DIR)/Loc.app/Loc";
			};
			name = Release;
		};
		5B17BDB32137912A008ABC8A /* Debug */ = {
			isa = XCBuildConfiguration;
			baseConfigurationReference = 9B8A9D8246E5FBEFA387D748 /* Pods-LocUITests.debug.xcconfig */;
			buildSettings = {
				ALWAYS_EMBED_SWIFT_STANDARD_LIBRARIES = YES;
				CODE_SIGN_STYLE = Automatic;
				DEVELOPMENT_TEAM = 4AM5US9G8B;
				INFOPLIST_FILE = LocUITests/Info.plist;
				LD_RUNPATH_SEARCH_PATHS = (
					"$(inherited)",
					"@executable_path/Frameworks",
					"@loader_path/Frameworks",
				);
				PRODUCT_BUNDLE_IDENTIFIER = IamGoodBad.LocUITests;
				PRODUCT_NAME = "$(TARGET_NAME)";
				SWIFT_VERSION = 4.0;
				TARGETED_DEVICE_FAMILY = "1,2";
				TEST_TARGET_NAME = Loc;
			};
			name = Debug;
		};
		5B17BDB42137912A008ABC8A /* Release */ = {
			isa = XCBuildConfiguration;
			baseConfigurationReference = E6D4D897EEFD201E836C203A /* Pods-LocUITests.release.xcconfig */;
			buildSettings = {
				ALWAYS_EMBED_SWIFT_STANDARD_LIBRARIES = YES;
				CODE_SIGN_STYLE = Automatic;
				DEVELOPMENT_TEAM = 4AM5US9G8B;
				INFOPLIST_FILE = LocUITests/Info.plist;
				LD_RUNPATH_SEARCH_PATHS = (
					"$(inherited)",
					"@executable_path/Frameworks",
					"@loader_path/Frameworks",
				);
				PRODUCT_BUNDLE_IDENTIFIER = IamGoodBad.LocUITests;
				PRODUCT_NAME = "$(TARGET_NAME)";
				SWIFT_VERSION = 4.0;
				TARGETED_DEVICE_FAMILY = "1,2";
				TEST_TARGET_NAME = Loc;
			};
			name = Release;
		};
/* End XCBuildConfiguration section */

/* Begin XCConfigurationList section */
		5B17BD7F21379128008ABC8A /* Build configuration list for PBXProject "Loc" */ = {
			isa = XCConfigurationList;
			buildConfigurations = (
				5B17BDAA2137912A008ABC8A /* Debug */,
				5B17BDAB2137912A008ABC8A /* Release */,
			);
			defaultConfigurationIsVisible = 0;
			defaultConfigurationName = Release;
		};
		5B17BDAC2137912A008ABC8A /* Build configuration list for PBXNativeTarget "Loc" */ = {
			isa = XCConfigurationList;
			buildConfigurations = (
				5B17BDAD2137912A008ABC8A /* Debug */,
				5B17BDAE2137912A008ABC8A /* Release */,
			);
			defaultConfigurationIsVisible = 0;
			defaultConfigurationName = Release;
		};
		5B17BDAF2137912A008ABC8A /* Build configuration list for PBXNativeTarget "LocTests" */ = {
			isa = XCConfigurationList;
			buildConfigurations = (
				5B17BDB02137912A008ABC8A /* Debug */,
				5B17BDB12137912A008ABC8A /* Release */,
			);
			defaultConfigurationIsVisible = 0;
			defaultConfigurationName = Release;
		};
		5B17BDB22137912A008ABC8A /* Build configuration list for PBXNativeTarget "LocUITests" */ = {
			isa = XCConfigurationList;
			buildConfigurations = (
				5B17BDB32137912A008ABC8A /* Debug */,
				5B17BDB42137912A008ABC8A /* Release */,
			);
			defaultConfigurationIsVisible = 0;
			defaultConfigurationName = Release;
		};
/* End XCConfigurationList section */
	};
	rootObject = 5B17BD7C21379128008ABC8A /* Project object */;
}
