// !$*UTF8*$!
{
	archiveVersion = 1;
	classes = {
	};
	objectVersion = 50;
	objects = {

/* Begin PBXBuildFile section */
		5B17BD8821379128008ABC8A /* AppDelegate.swift in Sources */ = {isa = PBXBuildFile; fileRef = 5B17BD8721379128008ABC8A /* AppDelegate.swift */; };
		5B17BD8F2137912A008ABC8A /* Assets.xcassets in Resources */ = {isa = PBXBuildFile; fileRef = 5B17BD8E2137912A008ABC8A /* Assets.xcassets */; };
		5B17BD922137912A008ABC8A /* LaunchScreen.storyboard in Resources */ = {isa = PBXBuildFile; fileRef = 5B17BD902137912A008ABC8A /* LaunchScreen.storyboard */; };
		5B17BD9D2137912A008ABC8A /* LocTests.swift in Sources */ = {isa = PBXBuildFile; fileRef = 5B17BD9C2137912A008ABC8A /* LocTests.swift */; };
		5B17BDA82137912A008ABC8A /* LocUITests.swift in Sources */ = {isa = PBXBuildFile; fileRef = 5B17BDA72137912A008ABC8A /* LocUITests.swift */; };
		5B17BDB621379345008ABC8A /* HalfDuplexViewController.swift in Sources */ = {isa = PBXBuildFile; fileRef = 5B17BDB521379345008ABC8A /* HalfDuplexViewController.swift */; };
/* End PBXBuildFile section */

/* Begin PBXContainerItemProxy section */
		5B17BD992137912A008ABC8A /* PBXContainerItemProxy */ = {
			isa = PBXContainerItemProxy;
			containerPortal = 5B17BD7C21379128008ABC8A /* Project object */;
			proxyType = 1;
			remoteGlobalIDString = 5B17BD8321379128008ABC8A;
			remoteInfo = Loc;
		};
		5B17BDA42137912A008ABC8A /* PBXContainerItemProxy */ = {
			isa = PBXContainerItemProxy;
			containerPortal = 5B17BD7C21379128008ABC8A /* Project object */;
			proxyType = 1;
			remoteGlobalIDString = 5B17BD8321379128008ABC8A;
			remoteInfo = Loc;
		};
/* End PBXContainerItemProxy section */

/* Begin PBXFileReference section */
		5B17BD8421379128008ABC8A /* Loc.app */ = {isa = PBXFileReference; explicitFileType = wrapper.application; includeInIndex = 0; path = Loc.app; sourceTree = BUILT_PRODUCTS_DIR; };
		5B17BD8721379128008ABC8A /* AppDelegate.swift */ = {isa = PBXFileReference; lastKnownFileType = sourcecode.swift; path = AppDelegate.swift; sourceTree = "<group>"; };
		5B17BD8E2137912A008ABC8A /* Assets.xcassets */ = {isa = PBXFileReference; lastKnownFileType = folder.assetcatalog; path = Assets.xcassets; sourceTree = "<group>"; };
		5B17BD912137912A008ABC8A /* Base */ = {isa = PBXFileReference; lastKnownFileType = file.storyboard; name = Base; path = Base.lproj/LaunchScreen.storyboard; sourceTree = "<group>"; };
		5B17BD932137912A008ABC8A /* Info.plist */ = {isa = PBXFileReference; lastKnownFileType = text.plist.xml; path = Info.plist; sourceTree = "<group>"; };
		5B17BD982137912A008ABC8A /* LocTests.xctest */ = {isa = PBXFileReference; explicitFileType = wrapper.cfbundle; includeInIndex = 0; path = LocTests.xctest; sourceTree = BUILT_PRODUCTS_DIR; };
		5B17BD9C2137912A008ABC8A /* LocTests.swift */ = {isa = PBXFileReference; lastKnownFileType = sourcecode.swift; path = LocTests.swift; sourceTree = "<group>"; };
		5B17BD9E2137912A008ABC8A /* Info.plist */ = {isa = PBXFileReference; lastKnownFileType = text.plist.xml; path = Info.plist; sourceTree = "<group>"; };
		5B17BDA32137912A008ABC8A /* LocUITests.xctest */ = {isa = PBXFileReference; explicitFileType = wrapper.cfbundle; includeInIndex = 0; path = LocUITests.xctest; sourceTree = BUILT_PRODUCTS_DIR; };
		5B17BDA72137912A008ABC8A /* LocUITests.swift */ = {isa = PBXFileReference; lastKnownFileType = sourcecode.swift; path = LocUITests.swift; sourceTree = "<group>"; };
		5B17BDA92137912A008ABC8A /* Info.plist */ = {isa = PBXFileReference; lastKnownFileType = text.plist.xml; path = Info.plist; sourceTree = "<group>"; };
		5B17BDB521379345008ABC8A /* HalfDuplexViewController.swift */ = {isa = PBXFileReference; lastKnownFileType = sourcecode.swift; path = HalfDuplexViewController.swift; sourceTree = "<group>"; };
/* End PBXFileReference section */

/* Begin PBXFrameworksBuildPhase section */
		5B17BD8121379128008ABC8A /* Frameworks */ = {
			isa = PBXFrameworksBuildPhase;
			buildActionMask = 2147483647;
			files = (
			);
			runOnlyForDeploymentPostprocessing = 0;
		};
		5B17BD952137912A008ABC8A /* Frameworks */ = {
			isa = PBXFrameworksBuildPhase;
			buildActionMask = 2147483647;
			files = (
			);
			runOnlyForDeploymentPostprocessing = 0;
		};
		5B17BDA02137912A008ABC8A /* Frameworks */ = {
			isa = PBXFrameworksBuildPhase;
			buildActionMask = 2147483647;
			files = (
			);
			runOnlyForDeploymentPostprocessing = 0;
		};
/* End PBXFrameworksBuildPhase section */

/* Begin PBXGroup section */
		5B17BD7B21379128008ABC8A = {
			isa = PBXGroup;
			children = (
				5B17BD8621379128008ABC8A /* Loc */,
				5B17BD9B2137912A008ABC8A /* LocTests */,
				5B17BDA62137912A008ABC8A /* LocUITests */,
				5B17BD8521379128008ABC8A /* Products */,
			);
			sourceTree = "<group>";
		};
		5B17BD8521379128008ABC8A /* Products */ = {
			isa = PBXGroup;
			children = (
				5B17BD8421379128008ABC8A /* Loc.app */,
				5B17BD982137912A008ABC8A /* LocTests.xctest */,
				5B17BDA32137912A008ABC8A /* LocUITests.xctest */,
			);
			name = Products;
			sourceTree = "<group>";
		};
		5B17BD8621379128008ABC8A /* Loc */ = {
			isa = PBXGroup;
			children = (
				5B17BD8721379128008ABC8A /* AppDelegate.swift */,
				5B17BDB521379345008ABC8A /* HalfDuplexViewController.swift */,
				5B17BD8E2137912A008ABC8A /* Assets.xcassets */,
				5B17BD902137912A008ABC8A /* LaunchScreen.storyboard */,
				5B17BD932137912A008ABC8A /* Info.plist */,
			);
			path = Loc;
			sourceTree = "<group>";
		};
		5B17BD9B2137912A008ABC8A /* LocTests */ = {
			isa = PBXGroup;
			children = (
				5B17BD9C2137912A008ABC8A /* LocTests.swift */,
				5B17BD9E2137912A008ABC8A /* Info.plist */,
			);
			path = LocTests;
			sourceTree = "<group>";
		};
		5B17BDA62137912A008ABC8A /* LocUITests */ = {
			isa = PBXGroup;
			children = (
				5B17BDA72137912A008ABC8A /* LocUITests.swift */,
				5B17BDA92137912A008ABC8A /* Info.plist */,
			);
			path = LocUITests;
			sourceTree = "<group>";
		};
/* End PBXGroup section */

/* Begin PBXNativeTarget section */
		5B17BD8321379128008ABC8A /* Loc */ = {
			isa = PBXNativeTarget;
			buildConfigurationList = 5B17BDAC2137912A008ABC8A /* Build configuration list for PBXNativeTarget "Loc" */;
			buildPhases = (
				5B17BD8021379128008ABC8A /* Sources */,
				5B17BD8121379128008ABC8A /* Frameworks */,
				5B17BD8221379128008ABC8A /* Resources */,
			);
			buildRules = (
			);
			dependencies = (
			);
			name = Loc;
			productName = Loc;
			productReference = 5B17BD8421379128008ABC8A /* Loc.app */;
			productType = "com.apple.product-type.application";
		};
		5B17BD972137912A008ABC8A /* LocTests */ = {
			isa = PBXNativeTarget;
			buildConfigurationList = 5B17BDAF2137912A008ABC8A /* Build configuration list for PBXNativeTarget "LocTests" */;
			buildPhases = (
				5B17BD942137912A008ABC8A /* Sources */,
				5B17BD952137912A008ABC8A /* Frameworks */,
				5B17BD962137912A008ABC8A /* Resources */,
			);
			buildRules = (
			);
			dependencies = (
				5B17BD9A2137912A008ABC8A /* PBXTargetDependency */,
			);
			name = LocTests;
			productName = LocTests;
			productReference = 5B17BD982137912A008ABC8A /* LocTests.xctest */;
			productType = "com.apple.product-type.bundle.unit-test";
		};
		5B17BDA22137912A008ABC8A /* LocUITests */ = {
			isa = PBXNativeTarget;
			buildConfigurationList = 5B17BDB22137912A008ABC8A /* Build configuration list for PBXNativeTarget "LocUITests" */;
			buildPhases = (
				5B17BD9F2137912A008ABC8A /* Sources */,
				5B17BDA02137912A008ABC8A /* Frameworks */,
				5B17BDA12137912A008ABC8A /* Resources */,
			);
			buildRules = (
			);
			dependencies = (
				5B17BDA52137912A008ABC8A /* PBXTargetDependency */,
			);
			name = LocUITests;
			productName = LocUITests;
			productReference = 5B17BDA32137912A008ABC8A /* LocUITests.xctest */;
			productType = "com.apple.product-type.bundle.ui-testing";
		};
/* End PBXNativeTarget section */

/* Begin PBXProject section */
		5B17BD7C21379128008ABC8A /* Project object */ = {
			isa = PBXProject;
			attributes = {
				LastSwiftUpdateCheck = 0940;
				LastUpgradeCheck = 0940;
				ORGANIZATIONNAME = IamGoodBad;
				TargetAttributes = {
					5B17BD8321379128008ABC8A = {
						CreatedOnToolsVersion = 9.4.1;
					};
					5B17BD972137912A008ABC8A = {
						CreatedOnToolsVersion = 9.4.1;
						TestTargetID = 5B17BD8321379128008ABC8A;
					};
					5B17BDA22137912A008ABC8A = {
						CreatedOnToolsVersion = 9.4.1;
						TestTargetID = 5B17BD8321379128008ABC8A;
					};
				};
			};
			buildConfigurationList = 5B17BD7F21379128008ABC8A /* Build configuration list for PBXProject "Loc" */;
			compatibilityVersion = "Xcode 9.3";
			developmentRegion = en;
			hasScannedForEncodings = 0;
			knownRegions = (
				en,
				Base,
			);
			mainGroup = 5B17BD7B21379128008ABC8A;
			productRefGroup = 5B17BD8521379128008ABC8A /* Products */;
			projectDirPath = "";
			projectRoot = "";
			targets = (
				5B17BD8321379128008ABC8A /* Loc */,
				5B17BD972137912A008ABC8A /* LocTests */,
				5B17BDA22137912A008ABC8A /* LocUITests */,
			);
		};
/* End PBXProject section */

/* Begin PBXResourcesBuildPhase section */
		5B17BD8221379128008ABC8A /* Resources */ = {
			isa = PBXResourcesBuildPhase;
			buildActionMask = 2147483647;
			files = (
				5B17BD922137912A008ABC8A /* LaunchScreen.storyboard in Resources */,
				5B17BD8F2137912A008ABC8A /* Assets.xcassets in Resources */,
			);
			runOnlyForDeploymentPostprocessing = 0;
		};
		5B17BD962137912A008ABC8A /* Resources */ = {
			isa = PBXResourcesBuildPhase;
			buildActionMask = 2147483647;
			files = (
			);
			runOnlyForDeploymentPostprocessing = 0;
		};
		5B17BDA12137912A008ABC8A /* Resources */ = {
			isa = PBXResourcesBuildPhase;
			buildActionMask = 2147483647;
			files = (
			);
			runOnlyForDeploymentPostprocessing = 0;
		};
/* End PBXResourcesBuildPhase section */

/* Begin PBXSourcesBuildPhase section */
		5B17BD8021379128008ABC8A /* Sources */ = {
			isa = PBXSourcesBuildPhase;
			buildActionMask = 2147483647;
			files = (
				5B17BDB621379345008ABC8A /* HalfDuplexViewController.swift in Sources */,
				5B17BD8821379128008ABC8A /* AppDelegate.swift in Sources */,
			);
			runOnlyForDeploymentPostprocessing = 0;
		};
		5B17BD942137912A008ABC8A /* Sources */ = {
			isa = PBXSourcesBuildPhase;
			buildActionMask = 2147483647;
			files = (
				5B17BD9D2137912A008ABC8A /* LocTests.swift in Sources */,
			);
			runOnlyForDeploymentPostprocessing = 0;
		};
		5B17BD9F2137912A008ABC8A /* Sources */ = {
			isa = PBXSourcesBuildPhase;
			buildActionMask = 2147483647;
			files = (
				5B17BDA82137912A008ABC8A /* LocUITests.swift in Sources */,
			);
			runOnlyForDeploymentPostprocessing = 0;
		};
/* End PBXSourcesBuildPhase section */

/* Begin PBXTargetDependency section */
		5B17BD9A2137912A008ABC8A /* PBXTargetDependency */ = {
			isa = PBXTargetDependency;
			target = 5B17BD8321379128008ABC8A /* Loc */;
			targetProxy = 5B17BD992137912A008ABC8A /* PBXContainerItemProxy */;
		};
		5B17BDA52137912A008ABC8A /* PBXTargetDependency */ = {
			isa = PBXTargetDependency;
			target = 5B17BD8321379128008ABC8A /* Loc */;
			targetProxy = 5B17BDA42137912A008ABC8A /* PBXContainerItemProxy */;
		};
/* End PBXTargetDependency section */

/* Begin PBXVariantGroup section */
		5B17BD902137912A008ABC8A /* LaunchScreen.storyboard */ = {
			isa = PBXVariantGroup;
			children = (
				5B17BD912137912A008ABC8A /* Base */,
			);
			name = LaunchScreen.storyboard;
			sourceTree = "<group>";
		};
/* End PBXVariantGroup section */

/* Begin XCBuildConfiguration section */
		5B17BDAA2137912A008ABC8A /* Debug */ = {
			isa = XCBuildConfiguration;
			buildSettings = {
				ALWAYS_SEARCH_USER_PATHS = NO;
				CLANG_ANALYZER_NONNULL = YES;
				CLANG_ANALYZER_NUMBER_OBJECT_CONVERSION = YES_AGGRESSIVE;
				CLANG_CXX_LANGUAGE_STANDARD = "gnu++14";
				CLANG_CXX_LIBRARY = "libc++";
				CLANG_ENABLE_MODULES = YES;
				CLANG_ENABLE_OBJC_ARC = YES;
				CLANG_ENABLE_OBJC_WEAK = YES;
				CLANG_WARN_BLOCK_CAPTURE_AUTORELEASING = YES;
				CLANG_WARN_BOOL_CONVERSION = YES;
				CLANG_WARN_COMMA = YES;
				CLANG_WARN_CONSTANT_CONVERSION = YES;
				CLANG_WARN_DEPRECATED_OBJC_IMPLEMENTATIONS = YES;
				CLANG_WARN_DIRECT_OBJC_ISA_USAGE = YES_ERROR;
				CLANG_WARN_DOCUMENTATION_COMMENTS = YES;
				CLANG_WARN_EMPTY_BODY = YES;
				CLANG_WARN_ENUM_CONVERSION = YES;
				CLANG_WARN_INFINITE_RECURSION = YES;
				CLANG_WARN_INT_CONVERSION = YES;
				CLANG_WARN_NON_LITERAL_NULL_CONVERSION = YES;
				CLANG_WARN_OBJC_IMPLICIT_RETAIN_SELF = YES;
				CLANG_WARN_OBJC_LITERAL_CONVERSION = YES;
				CLANG_WARN_OBJC_ROOT_CLASS = YES_ERROR;
				CLANG_WARN_RANGE_LOOP_ANALYSIS = YES;
				CLANG_WARN_STRICT_PROTOTYPES = YES;
				CLANG_WARN_SUSPICIOUS_MOVE = YES;
				CLANG_WARN_UNGUARDED_AVAILABILITY = YES_AGGRESSIVE;
				CLANG_WARN_UNREACHABLE_CODE = YES;
				CLANG_WARN__DUPLICATE_METHOD_MATCH = YES;
				CODE_SIGN_IDENTITY = "iPhone Developer";
				COPY_PHASE_STRIP = NO;
				DEBUG_INFORMATION_FORMAT = dwarf;
				ENABLE_STRICT_OBJC_MSGSEND = YES;
				ENABLE_TESTABILITY = YES;
				GCC_C_LANGUAGE_STANDARD = gnu11;
				GCC_DYNAMIC_NO_PIC = NO;
				GCC_NO_COMMON_BLOCKS = YES;
				GCC_OPTIMIZATION_LEVEL = 0;
				GCC_PREPROCESSOR_DEFINITIONS = (
					"DEBUG=1",
					"$(inherited)",
				);
				GCC_WARN_64_TO_32_BIT_CONVERSION = YES;
				GCC_WARN_ABOUT_RETURN_TYPE = YES_ERROR;
				GCC_WARN_UNDECLARED_SELECTOR = YES;
				GCC_WARN_UNINITIALIZED_AUTOS = YES_AGGRESSIVE;
				GCC_WARN_UNUSED_FUNCTION = YES;
				GCC_WARN_UNUSED_VARIABLE = YES;
				IPHONEOS_DEPLOYMENT_TARGET = 11.4;
				MTL_ENABLE_DEBUG_INFO = YES;
				ONLY_ACTIVE_ARCH = YES;
				SDKROOT = iphoneos;
				SWIFT_ACTIVE_COMPILATION_CONDITIONS = DEBUG;
				SWIFT_OPTIMIZATION_LEVEL = "-Onone";
			};
			name = Debug;
		};
		5B17BDAB2137912A008ABC8A /* Release */ = {
			isa = XCBuildConfiguration;
			buildSettings = {
				ALWAYS_SEARCH_USER_PATHS = NO;
				CLANG_ANALYZER_NONNULL = YES;
				CLANG_ANALYZER_NUMBER_OBJECT_CONVERSION = YES_AGGRESSIVE;
				CLANG_CXX_LANGUAGE_STANDARD = "gnu++14";
				CLANG_CXX_LIBRARY = "libc++";
				CLANG_ENABLE_MODULES = YES;
				CLANG_ENABLE_OBJC_ARC = YES;
				CLANG_ENABLE_OBJC_WEAK = YES;
				CLANG_WARN_BLOCK_CAPTURE_AUTORELEASING = YES;
				CLANG_WARN_BOOL_CONVERSION = YES;
				CLANG_WARN_COMMA = YES;
				CLANG_WARN_CONSTANT_CONVERSION = YES;
				CLANG_WARN_DEPRECATED_OBJC_IMPLEMENTATIONS = YES;
				CLANG_WARN_DIRECT_OBJC_ISA_USAGE = YES_ERROR;
				CLANG_WARN_DOCUMENTATION_COMMENTS = YES;
				CLANG_WARN_EMPTY_BODY = YES;
				CLANG_WARN_ENUM_CONVERSION = YES;
				CLANG_WARN_INFINITE_RECURSION = YES;
				CLANG_WARN_INT_CONVERSION = YES;
				CLANG_WARN_NON_LITERAL_NULL_CONVERSION = YES;
				CLANG_WARN_OBJC_IMPLICIT_RETAIN_SELF = YES;
				CLANG_WARN_OBJC_LITERAL_CONVERSION = YES;
				CLANG_WARN_OBJC_ROOT_CLASS = YES_ERROR;
				CLANG_WARN_RANGE_LOOP_ANALYSIS = YES;
				CLANG_WARN_STRICT_PROTOTYPES = YES;
				CLANG_WARN_SUSPICIOUS_MOVE = YES;
				CLANG_WARN_UNGUARDED_AVAILABILITY = YES_AGGRESSIVE;
				CLANG_WARN_UNREACHABLE_CODE = YES;
				CLANG_WARN__DUPLICATE_METHOD_MATCH = YES;
				CODE_SIGN_IDENTITY = "iPhone Developer";
				COPY_PHASE_STRIP = NO;
				DEBUG_INFORMATION_FORMAT = "dwarf-with-dsym";
				ENABLE_NS_ASSERTIONS = NO;
				ENABLE_STRICT_OBJC_MSGSEND = YES;
				GCC_C_LANGUAGE_STANDARD = gnu11;
				GCC_NO_COMMON_BLOCKS = YES;
				GCC_WARN_64_TO_32_BIT_CONVERSION = YES;
				GCC_WARN_ABOUT_RETURN_TYPE = YES_ERROR;
				GCC_WARN_UNDECLARED_SELECTOR = YES;
				GCC_WARN_UNINITIALIZED_AUTOS = YES_AGGRESSIVE;
				GCC_WARN_UNUSED_FUNCTION = YES;
				GCC_WARN_UNUSED_VARIABLE = YES;
				IPHONEOS_DEPLOYMENT_TARGET = 11.4;
				MTL_ENABLE_DEBUG_INFO = NO;
				SDKROOT = iphoneos;
				SWIFT_COMPILATION_MODE = wholemodule;
				SWIFT_OPTIMIZATION_LEVEL = "-O";
				VALIDATE_PRODUCT = YES;
			};
			name = Release;
		};
		5B17BDAD2137912A008ABC8A /* Debug */ = {
			isa = XCBuildConfiguration;
			buildSettings = {
				ASSETCATALOG_COMPILER_APPICON_NAME = AppIcon;
				CODE_SIGN_STYLE = Automatic;
				DEVELOPMENT_TEAM = 4AM5US9G8B;
				INFOPLIST_FILE = Loc/Info.plist;
				LD_RUNPATH_SEARCH_PATHS = (
					"$(inherited)",
					"@executable_path/Frameworks",
				);
				PRODUCT_BUNDLE_IDENTIFIER = IamGoodBad.Loc;
				PRODUCT_NAME = "$(TARGET_NAME)";
				SWIFT_VERSION = 4.0;
				TARGETED_DEVICE_FAMILY = "1,2";
			};
			name = Debug;
		};
		5B17BDAE2137912A008ABC8A /* Release */ = {
			isa = XCBuildConfiguration;
			buildSettings = {
				ASSETCATALOG_COMPILER_APPICON_NAME = AppIcon;
				CODE_SIGN_STYLE = Automatic;
				DEVELOPMENT_TEAM = 4AM5US9G8B;
				INFOPLIST_FILE = Loc/Info.plist;
				LD_RUNPATH_SEARCH_PATHS = (
					"$(inherited)",
					"@executable_path/Frameworks",
				);
				PRODUCT_BUNDLE_IDENTIFIER = IamGoodBad.Loc;
				PRODUCT_NAME = "$(TARGET_NAME)";
				SWIFT_VERSION = 4.0;
				TARGETED_DEVICE_FAMILY = "1,2";
			};
			name = Release;
		};
		5B17BDB02137912A008ABC8A /* Debug */ = {
			isa = XCBuildConfiguration;
			buildSettings = {
				ALWAYS_EMBED_SWIFT_STANDARD_LIBRARIES = YES;
				BUNDLE_LOADER = "$(TEST_HOST)";
				CODE_SIGN_STYLE = Automatic;
				DEVELOPMENT_TEAM = 4AM5US9G8B;
				INFOPLIST_FILE = LocTests/Info.plist;
				LD_RUNPATH_SEARCH_PATHS = (
					"$(inherited)",
					"@executable_path/Frameworks",
					"@loader_path/Frameworks",
				);
				PRODUCT_BUNDLE_IDENTIFIER = IamGoodBad.LocTests;
				PRODUCT_NAME = "$(TARGET_NAME)";
				SWIFT_VERSION = 4.0;
				TARGETED_DEVICE_FAMILY = "1,2";
				TEST_HOST = "$(BUILT_PRODUCTS_DIR)/Loc.app/Loc";
			};
			name = Debug;
		};
		5B17BDB12137912A008ABC8A /* Release */ = {
			isa = XCBuildConfiguration;
			buildSettings = {
				ALWAYS_EMBED_SWIFT_STANDARD_LIBRARIES = YES;
				BUNDLE_LOADER = "$(TEST_HOST)";
				CODE_SIGN_STYLE = Automatic;
				DEVELOPMENT_TEAM = 4AM5US9G8B;
				INFOPLIST_FILE = LocTests/Info.plist;
				LD_RUNPATH_SEARCH_PATHS = (
					"$(inherited)",
					"@executable_path/Frameworks",
					"@loader_path/Frameworks",
				);
				PRODUCT_BUNDLE_IDENTIFIER = IamGoodBad.LocTests;
				PRODUCT_NAME = "$(TARGET_NAME)";
				SWIFT_VERSION = 4.0;
				TARGETED_DEVICE_FAMILY = "1,2";
				TEST_HOST = "$(BUILT_PRODUCTS_DIR)/Loc.app/Loc";
			};
			name = Release;
		};
		5B17BDB32137912A008ABC8A /* Debug */ = {
			isa = XCBuildConfiguration;
			buildSettings = {
				ALWAYS_EMBED_SWIFT_STANDARD_LIBRARIES = YES;
				CODE_SIGN_STYLE = Automatic;
				DEVELOPMENT_TEAM = 4AM5US9G8B;
				INFOPLIST_FILE = LocUITests/Info.plist;
				LD_RUNPATH_SEARCH_PATHS = (
					"$(inherited)",
					"@executable_path/Frameworks",
					"@loader_path/Frameworks",
				);
				PRODUCT_BUNDLE_IDENTIFIER = IamGoodBad.LocUITests;
				PRODUCT_NAME = "$(TARGET_NAME)";
				SWIFT_VERSION = 4.0;
				TARGETED_DEVICE_FAMILY = "1,2";
				TEST_TARGET_NAME = Loc;
			};
			name = Debug;
		};
		5B17BDB42137912A008ABC8A /* Release */ = {
			isa = XCBuildConfiguration;
			buildSettings = {
				ALWAYS_EMBED_SWIFT_STANDARD_LIBRARIES = YES;
				CODE_SIGN_STYLE = Automatic;
				DEVELOPMENT_TEAM = 4AM5US9G8B;
				INFOPLIST_FILE = LocUITests/Info.plist;
				LD_RUNPATH_SEARCH_PATHS = (
					"$(inherited)",
					"@executable_path/Frameworks",
					"@loader_path/Frameworks",
				);
				PRODUCT_BUNDLE_IDENTIFIER = IamGoodBad.LocUITests;
				PRODUCT_NAME = "$(TARGET_NAME)";
				SWIFT_VERSION = 4.0;
				TARGETED_DEVICE_FAMILY = "1,2";
				TEST_TARGET_NAME = Loc;
			};
			name = Release;
		};
/* End XCBuildConfiguration section */

/* Begin XCConfigurationList section */
		5B17BD7F21379128008ABC8A /* Build configuration list for PBXProject "Loc" */ = {
			isa = XCConfigurationList;
			buildConfigurations = (
				5B17BDAA2137912A008ABC8A /* Debug */,
				5B17BDAB2137912A008ABC8A /* Release */,
			);
			defaultConfigurationIsVisible = 0;
			defaultConfigurationName = Release;
		};
		5B17BDAC2137912A008ABC8A /* Build configuration list for PBXNativeTarget "Loc" */ = {
			isa = XCConfigurationList;
			buildConfigurations = (
				5B17BDAD2137912A008ABC8A /* Debug */,
				5B17BDAE2137912A008ABC8A /* Release */,
			);
			defaultConfigurationIsVisible = 0;
			defaultConfigurationName = Release;
		};
		5B17BDAF2137912A008ABC8A /* Build configuration list for PBXNativeTarget "LocTests" */ = {
			isa = XCConfigurationList;
			buildConfigurations = (
				5B17BDB02137912A008ABC8A /* Debug */,
				5B17BDB12137912A008ABC8A /* Release */,
			);
			defaultConfigurationIsVisible = 0;
			defaultConfigurationName = Release;
		};
		5B17BDB22137912A008ABC8A /* Build configuration list for PBXNativeTarget "LocUITests" */ = {
			isa = XCConfigurationList;
			buildConfigurations = (
				5B17BDB32137912A008ABC8A /* Debug */,
				5B17BDB42137912A008ABC8A /* Release */,
			);
			defaultConfigurationIsVisible = 0;
			defaultConfigurationName = Release;
		};
/* End XCConfigurationList section */
	};
	rootObject = 5B17BD7C21379128008ABC8A /* Project object */;
}
